// !$*UTF8*$!
{
	archiveVersion = 1;
	classes = {
	};
	objectVersion = 46;
	objects = {

/* Begin PBXBuildFile section */
		9F039E421E5C6FB400250555 /* DeserializableNotification.swift in Sources */ = {isa = PBXBuildFile; fileRef = 9F039E3F1E5C6FB400250555 /* DeserializableNotification.swift */; };
		9F039E431E5C6FB400250555 /* NamedNotification.swift in Sources */ = {isa = PBXBuildFile; fileRef = 9F039E401E5C6FB400250555 /* NamedNotification.swift */; };
		9F039E441E5C6FB400250555 /* NotificationSerializationError.swift in Sources */ = {isa = PBXBuildFile; fileRef = 9F039E411E5C6FB400250555 /* NotificationSerializationError.swift */; };
		9F19FFE31E5F955F0046013D /* AppDelegate.swift in Sources */ = {isa = PBXBuildFile; fileRef = 9F19FFE21E5F955F0046013D /* AppDelegate.swift */; };
		9F19FFE51E5F955F0046013D /* ViewController.swift in Sources */ = {isa = PBXBuildFile; fileRef = 9F19FFE41E5F955F0046013D /* ViewController.swift */; };
		9F19FFE81E5F955F0046013D /* Main.storyboard in Resources */ = {isa = PBXBuildFile; fileRef = 9F19FFE61E5F955F0046013D /* Main.storyboard */; };
		9F19FFEA1E5F955F0046013D /* Assets.xcassets in Resources */ = {isa = PBXBuildFile; fileRef = 9F19FFE91E5F955F0046013D /* Assets.xcassets */; };
		9F19FFED1E5F955F0046013D /* LaunchScreen.storyboard in Resources */ = {isa = PBXBuildFile; fileRef = 9F19FFEB1E5F955F0046013D /* LaunchScreen.storyboard */; };
		9F19FFF41E5F956E0046013D /* SweetNotifications.framework in Frameworks */ = {isa = PBXBuildFile; fileRef = 9FBE0F551E095EB600604C8F /* SweetNotifications.framework */; };
		9F19FFF51E5F956E0046013D /* SweetNotifications.framework in Embed Frameworks */ = {isa = PBXBuildFile; fileRef = 9FBE0F551E095EB600604C8F /* SweetNotifications.framework */; settings = {ATTRIBUTES = (CodeSignOnCopy, RemoveHeadersOnCopy, ); }; };
		9F19FFFA1E5F95BE0046013D /* UIKeyboardNotificationTests.swift in Sources */ = {isa = PBXBuildFile; fileRef = 9F19FFF91E5F95BE0046013D /* UIKeyboardNotificationTests.swift */; };
		9F20F2991F53E594000C402D /* ObserverContainerTests.swift in Sources */ = {isa = PBXBuildFile; fileRef = 9FB65EAD1F53E4F400A64B3B /* ObserverContainerTests.swift */; };
		9F2F6A8E1EB602C80002616F /* UIKeyboardNotifications.swift in Sources */ = {isa = PBXBuildFile; fileRef = 9F2F6A8D1EB602C80002616F /* UIKeyboardNotifications.swift */; };
		9F2F6A901EB60BA60002616F /* EntryViewController.swift in Sources */ = {isa = PBXBuildFile; fileRef = 9F2F6A8F1EB60BA60002616F /* EntryViewController.swift */; };
		9F60269E1F164C5000520B3A /* GlobalSerializationErrorHandler.swift in Sources */ = {isa = PBXBuildFile; fileRef = 9F60269D1F164C5000520B3A /* GlobalSerializationErrorHandler.swift */; };
		9F7AA9C51E0CF76100F01F62 /* NotificationCenter+Serialization.swift in Sources */ = {isa = PBXBuildFile; fileRef = 9F7AA9C11E0CF76100F01F62 /* NotificationCenter+Serialization.swift */; };
		9F7AA9C61E0CF76100F01F62 /* SerializableNotification.swift in Sources */ = {isa = PBXBuildFile; fileRef = 9F7AA9C21E0CF76100F01F62 /* SerializableNotification.swift */; };
		9F7AA9C71E0CF76100F01F62 /* SweetNotifications.h in Headers */ = {isa = PBXBuildFile; fileRef = 9F7AA9C31E0CF76100F01F62 /* SweetNotifications.h */; settings = {ATTRIBUTES = (Public, ); }; };
		9F7AA9CC1E0D08B200F01F62 /* SweetNotificationsTests.swift in Sources */ = {isa = PBXBuildFile; fileRef = 9F7AA9C91E0CF77800F01F62 /* SweetNotificationsTests.swift */; };
		9FB65EAA1F53E48100A64B3B /* SweetNotification.swift in Sources */ = {isa = PBXBuildFile; fileRef = 9FB65EA91F53E48100A64B3B /* SweetNotification.swift */; };
		9FB65EAC1F53E4E800A64B3B /* ObserverContainer.swift in Sources */ = {isa = PBXBuildFile; fileRef = 9FB65EAB1F53E4E800A64B3B /* ObserverContainer.swift */; };
		9FBE0F5F1E095EB600604C8F /* SweetNotifications.framework in Frameworks */ = {isa = PBXBuildFile; fileRef = 9FBE0F551E095EB600604C8F /* SweetNotifications.framework */; };
/* End PBXBuildFile section */

/* Begin PBXContainerItemProxy section */
		9F19FFF21E5F95640046013D /* PBXContainerItemProxy */ = {
			isa = PBXContainerItemProxy;
			containerPortal = 9FBE0F4C1E095EB600604C8F /* Project object */;
			proxyType = 1;
			remoteGlobalIDString = 9F19FFDF1E5F955F0046013D;
			remoteInfo = SweetNotificationsUITestHost;
		};
		9F19FFF61E5F956E0046013D /* PBXContainerItemProxy */ = {
			isa = PBXContainerItemProxy;
			containerPortal = 9FBE0F4C1E095EB600604C8F /* Project object */;
			proxyType = 1;
			remoteGlobalIDString = 9FBE0F541E095EB600604C8F;
			remoteInfo = SweetNotifications;
		};
		9FBE0F601E095EB600604C8F /* PBXContainerItemProxy */ = {
			isa = PBXContainerItemProxy;
			containerPortal = 9FBE0F4C1E095EB600604C8F /* Project object */;
			proxyType = 1;
			remoteGlobalIDString = 9FBE0F541E095EB600604C8F;
			remoteInfo = SerializableNotification;
		};
/* End PBXContainerItemProxy section */

/* Begin PBXCopyFilesBuildPhase section */
		9F19FFF81E5F956E0046013D /* Embed Frameworks */ = {
			isa = PBXCopyFilesBuildPhase;
			buildActionMask = 2147483647;
			dstPath = "";
			dstSubfolderSpec = 10;
			files = (
				9F19FFF51E5F956E0046013D /* SweetNotifications.framework in Embed Frameworks */,
			);
			name = "Embed Frameworks";
			runOnlyForDeploymentPostprocessing = 0;
		};
/* End PBXCopyFilesBuildPhase section */

/* Begin PBXFileReference section */
		9F039E3F1E5C6FB400250555 /* DeserializableNotification.swift */ = {isa = PBXFileReference; fileEncoding = 4; lastKnownFileType = sourcecode.swift; name = DeserializableNotification.swift; path = SweetNotifications/DeserializableNotification.swift; sourceTree = SOURCE_ROOT; };
		9F039E401E5C6FB400250555 /* NamedNotification.swift */ = {isa = PBXFileReference; fileEncoding = 4; lastKnownFileType = sourcecode.swift; name = NamedNotification.swift; path = SweetNotifications/NamedNotification.swift; sourceTree = SOURCE_ROOT; };
		9F039E411E5C6FB400250555 /* NotificationSerializationError.swift */ = {isa = PBXFileReference; fileEncoding = 4; lastKnownFileType = sourcecode.swift; name = NotificationSerializationError.swift; path = SweetNotifications/NotificationSerializationError.swift; sourceTree = SOURCE_ROOT; };
		9F19FFD41E5F953D0046013D /* SweetNotificationsUITests.xctest */ = {isa = PBXFileReference; explicitFileType = wrapper.cfbundle; includeInIndex = 0; path = SweetNotificationsUITests.xctest; sourceTree = BUILT_PRODUCTS_DIR; };
		9F19FFD81E5F953D0046013D /* Info.plist */ = {isa = PBXFileReference; lastKnownFileType = text.plist.xml; path = Info.plist; sourceTree = "<group>"; };
		9F19FFE01E5F955F0046013D /* SweetNotificationsUITestHost.app */ = {isa = PBXFileReference; explicitFileType = wrapper.application; includeInIndex = 0; path = SweetNotificationsUITestHost.app; sourceTree = BUILT_PRODUCTS_DIR; };
		9F19FFE21E5F955F0046013D /* AppDelegate.swift */ = {isa = PBXFileReference; lastKnownFileType = sourcecode.swift; path = AppDelegate.swift; sourceTree = "<group>"; };
		9F19FFE41E5F955F0046013D /* ViewController.swift */ = {isa = PBXFileReference; lastKnownFileType = sourcecode.swift; path = ViewController.swift; sourceTree = "<group>"; };
		9F19FFE71E5F955F0046013D /* Base */ = {isa = PBXFileReference; lastKnownFileType = file.storyboard; name = Base; path = Base.lproj/Main.storyboard; sourceTree = "<group>"; };
		9F19FFE91E5F955F0046013D /* Assets.xcassets */ = {isa = PBXFileReference; lastKnownFileType = folder.assetcatalog; path = Assets.xcassets; sourceTree = "<group>"; };
		9F19FFEC1E5F955F0046013D /* Base */ = {isa = PBXFileReference; lastKnownFileType = file.storyboard; name = Base; path = Base.lproj/LaunchScreen.storyboard; sourceTree = "<group>"; };
		9F19FFEE1E5F955F0046013D /* Info.plist */ = {isa = PBXFileReference; lastKnownFileType = text.plist.xml; path = Info.plist; sourceTree = "<group>"; };
		9F19FFF91E5F95BE0046013D /* UIKeyboardNotificationTests.swift */ = {isa = PBXFileReference; fileEncoding = 4; lastKnownFileType = sourcecode.swift; path = UIKeyboardNotificationTests.swift; sourceTree = "<group>"; };
		9F2F6A8D1EB602C80002616F /* UIKeyboardNotifications.swift */ = {isa = PBXFileReference; fileEncoding = 4; lastKnownFileType = sourcecode.swift; name = UIKeyboardNotifications.swift; path = SweetNotifications/UIKeyboardNotifications/UIKeyboardNotifications.swift; sourceTree = SOURCE_ROOT; };
		9F2F6A8F1EB60BA60002616F /* EntryViewController.swift */ = {isa = PBXFileReference; fileEncoding = 4; lastKnownFileType = sourcecode.swift; path = EntryViewController.swift; sourceTree = "<group>"; };
		9F60269D1F164C5000520B3A /* GlobalSerializationErrorHandler.swift */ = {isa = PBXFileReference; fileEncoding = 4; lastKnownFileType = sourcecode.swift; name = GlobalSerializationErrorHandler.swift; path = SweetNotifications/GlobalSerializationErrorHandler.swift; sourceTree = SOURCE_ROOT; };
		9F7AA9C01E0CF76100F01F62 /* Info.plist */ = {isa = PBXFileReference; fileEncoding = 4; lastKnownFileType = text.plist.xml; name = Info.plist; path = SweetNotifications/Info.plist; sourceTree = SOURCE_ROOT; };
		9F7AA9C11E0CF76100F01F62 /* NotificationCenter+Serialization.swift */ = {isa = PBXFileReference; fileEncoding = 4; lastKnownFileType = sourcecode.swift; name = "NotificationCenter+Serialization.swift"; path = "SweetNotifications/NotificationCenter+Serialization.swift"; sourceTree = SOURCE_ROOT; };
		9F7AA9C21E0CF76100F01F62 /* SerializableNotification.swift */ = {isa = PBXFileReference; fileEncoding = 4; lastKnownFileType = sourcecode.swift; name = SerializableNotification.swift; path = SweetNotifications/SerializableNotification.swift; sourceTree = SOURCE_ROOT; };
		9F7AA9C31E0CF76100F01F62 /* SweetNotifications.h */ = {isa = PBXFileReference; fileEncoding = 4; lastKnownFileType = sourcecode.c.h; name = SweetNotifications.h; path = SweetNotifications/SweetNotifications.h; sourceTree = SOURCE_ROOT; };
		9F7AA9C81E0CF77800F01F62 /* Info.plist */ = {isa = PBXFileReference; fileEncoding = 4; lastKnownFileType = text.plist.xml; name = Info.plist; path = SweetNotificationsTests/Info.plist; sourceTree = SOURCE_ROOT; };
		9F7AA9C91E0CF77800F01F62 /* SweetNotificationsTests.swift */ = {isa = PBXFileReference; fileEncoding = 4; lastKnownFileType = sourcecode.swift; name = SweetNotificationsTests.swift; path = SweetNotificationsTests/SweetNotificationsTests.swift; sourceTree = SOURCE_ROOT; };
		9FB65EA91F53E48100A64B3B /* SweetNotification.swift */ = {isa = PBXFileReference; fileEncoding = 4; lastKnownFileType = sourcecode.swift; name = SweetNotification.swift; path = SweetNotifications/SweetNotification.swift; sourceTree = "<group>"; };
		9FB65EAB1F53E4E800A64B3B /* ObserverContainer.swift */ = {isa = PBXFileReference; fileEncoding = 4; lastKnownFileType = sourcecode.swift; name = ObserverContainer.swift; path = SweetNotifications/ObserverContainer.swift; sourceTree = "<group>"; };
		9FB65EAD1F53E4F400A64B3B /* ObserverContainerTests.swift */ = {isa = PBXFileReference; fileEncoding = 4; lastKnownFileType = sourcecode.swift; name = ObserverContainerTests.swift; path = SweetNotificationsTests/ObserverContainerTests.swift; sourceTree = "<group>"; };
		9FBE0F551E095EB600604C8F /* SweetNotifications.framework */ = {isa = PBXFileReference; explicitFileType = wrapper.framework; includeInIndex = 0; path = SweetNotifications.framework; sourceTree = BUILT_PRODUCTS_DIR; };
		9FBE0F5E1E095EB600604C8F /* SweetNotificationsTests.xctest */ = {isa = PBXFileReference; explicitFileType = wrapper.cfbundle; includeInIndex = 0; path = SweetNotificationsTests.xctest; sourceTree = BUILT_PRODUCTS_DIR; };
/* End PBXFileReference section */

/* Begin PBXFrameworksBuildPhase section */
		9F19FFD11E5F953D0046013D /* Frameworks */ = {
			isa = PBXFrameworksBuildPhase;
			buildActionMask = 2147483647;
			files = (
			);
			runOnlyForDeploymentPostprocessing = 0;
		};
		9F19FFDD1E5F955F0046013D /* Frameworks */ = {
			isa = PBXFrameworksBuildPhase;
			buildActionMask = 2147483647;
			files = (
				9F19FFF41E5F956E0046013D /* SweetNotifications.framework in Frameworks */,
			);
			runOnlyForDeploymentPostprocessing = 0;
		};
		9FBE0F511E095EB600604C8F /* Frameworks */ = {
			isa = PBXFrameworksBuildPhase;
			buildActionMask = 2147483647;
			files = (
			);
			runOnlyForDeploymentPostprocessing = 0;
		};
		9FBE0F5B1E095EB600604C8F /* Frameworks */ = {
			isa = PBXFrameworksBuildPhase;
			buildActionMask = 2147483647;
			files = (
				9FBE0F5F1E095EB600604C8F /* SweetNotifications.framework in Frameworks */,
			);
			runOnlyForDeploymentPostprocessing = 0;
		};
/* End PBXFrameworksBuildPhase section */

/* Begin PBXGroup section */
		9F19FFD51E5F953D0046013D /* SweetNotificationsUITests */ = {
			isa = PBXGroup;
			children = (
				9F19FFF91E5F95BE0046013D /* UIKeyboardNotificationTests.swift */,
				9F19FFD81E5F953D0046013D /* Info.plist */,
			);
			path = SweetNotificationsUITests;
			sourceTree = "<group>";
		};
		9F19FFE11E5F955F0046013D /* SweetNotificationsUITestHost */ = {
			isa = PBXGroup;
			children = (
				9F2F6A8F1EB60BA60002616F /* EntryViewController.swift */,
				9F19FFE21E5F955F0046013D /* AppDelegate.swift */,
				9F19FFE41E5F955F0046013D /* ViewController.swift */,
				9F19FFE61E5F955F0046013D /* Main.storyboard */,
				9F19FFE91E5F955F0046013D /* Assets.xcassets */,
				9F19FFEB1E5F955F0046013D /* LaunchScreen.storyboard */,
				9F19FFEE1E5F955F0046013D /* Info.plist */,
			);
			path = SweetNotificationsUITestHost;
			sourceTree = "<group>";
		};
		9F2F6A8C1EB602B10002616F /* UIKeyboardNotifications */ = {
			isa = PBXGroup;
			children = (
				9F2F6A8D1EB602C80002616F /* UIKeyboardNotifications.swift */,
			);
			name = UIKeyboardNotifications;
			sourceTree = "<group>";
		};
		9FBE0F4B1E095EB600604C8F = {
			isa = PBXGroup;
			children = (
				9FBE0F571E095EB600604C8F /* SweetNotifications */,
				9FBE0F621E095EB600604C8F /* SweetNotificationsTests */,
				9F19FFD51E5F953D0046013D /* SweetNotificationsUITests */,
				9F19FFE11E5F955F0046013D /* SweetNotificationsUITestHost */,
				9FBE0F561E095EB600604C8F /* Products */,
			);
			sourceTree = "<group>";
		};
		9FBE0F561E095EB600604C8F /* Products */ = {
			isa = PBXGroup;
			children = (
				9FBE0F551E095EB600604C8F /* SweetNotifications.framework */,
				9FBE0F5E1E095EB600604C8F /* SweetNotificationsTests.xctest */,
				9F19FFD41E5F953D0046013D /* SweetNotificationsUITests.xctest */,
				9F19FFE01E5F955F0046013D /* SweetNotificationsUITestHost.app */,
			);
			name = Products;
			sourceTree = "<group>";
		};
		9FBE0F571E095EB600604C8F /* SweetNotifications */ = {
			isa = PBXGroup;
			children = (
				9F2F6A8C1EB602B10002616F /* UIKeyboardNotifications */,
				9F039E3F1E5C6FB400250555 /* DeserializableNotification.swift */,
				9F60269D1F164C5000520B3A /* GlobalSerializationErrorHandler.swift */,
				9F7AA9C01E0CF76100F01F62 /* Info.plist */,
				9F039E401E5C6FB400250555 /* NamedNotification.swift */,
				9F7AA9C11E0CF76100F01F62 /* NotificationCenter+Serialization.swift */,
				9F039E411E5C6FB400250555 /* NotificationSerializationError.swift */,
				9FB65EAB1F53E4E800A64B3B /* ObserverContainer.swift */,
				9F7AA9C21E0CF76100F01F62 /* SerializableNotification.swift */,
				9FB65EA91F53E48100A64B3B /* SweetNotification.swift */,
				9F7AA9C31E0CF76100F01F62 /* SweetNotifications.h */,
			);
			name = SweetNotifications;
			sourceTree = "<group>";
		};
		9FBE0F621E095EB600604C8F /* SweetNotificationsTests */ = {
			isa = PBXGroup;
			children = (
				9F7AA9C81E0CF77800F01F62 /* Info.plist */,
				9FB65EAD1F53E4F400A64B3B /* ObserverContainerTests.swift */,
				9F7AA9C91E0CF77800F01F62 /* SweetNotificationsTests.swift */,
			);
			name = SweetNotificationsTests;
			sourceTree = "<group>";
		};
/* End PBXGroup section */

/* Begin PBXHeadersBuildPhase section */
		9FBE0F521E095EB600604C8F /* Headers */ = {
			isa = PBXHeadersBuildPhase;
			buildActionMask = 2147483647;
			files = (
				9F7AA9C71E0CF76100F01F62 /* SweetNotifications.h in Headers */,
			);
			runOnlyForDeploymentPostprocessing = 0;
		};
/* End PBXHeadersBuildPhase section */

/* Begin PBXNativeTarget section */
		9F19FFD31E5F953D0046013D /* SweetNotificationsUITests */ = {
			isa = PBXNativeTarget;
			buildConfigurationList = 9F19FFD91E5F953D0046013D /* Build configuration list for PBXNativeTarget "SweetNotificationsUITests" */;
			buildPhases = (
				9F19FFD01E5F953D0046013D /* Sources */,
				9F19FFD11E5F953D0046013D /* Frameworks */,
				9F19FFD21E5F953D0046013D /* Resources */,
			);
			buildRules = (
			);
			dependencies = (
				9F19FFF31E5F95640046013D /* PBXTargetDependency */,
			);
			name = SweetNotificationsUITests;
			productName = SweetNotificationsUITests;
			productReference = 9F19FFD41E5F953D0046013D /* SweetNotificationsUITests.xctest */;
			productType = "com.apple.product-type.bundle.ui-testing";
		};
		9F19FFDF1E5F955F0046013D /* SweetNotificationsUITestHost */ = {
			isa = PBXNativeTarget;
			buildConfigurationList = 9F19FFEF1E5F955F0046013D /* Build configuration list for PBXNativeTarget "SweetNotificationsUITestHost" */;
			buildPhases = (
				9F19FFDC1E5F955F0046013D /* Sources */,
				9F19FFDD1E5F955F0046013D /* Frameworks */,
				9F19FFDE1E5F955F0046013D /* Resources */,
				9F19FFF81E5F956E0046013D /* Embed Frameworks */,
			);
			buildRules = (
			);
			dependencies = (
				9F19FFF71E5F956E0046013D /* PBXTargetDependency */,
			);
			name = SweetNotificationsUITestHost;
			productName = SweetNotificationsUITestHost;
			productReference = 9F19FFE01E5F955F0046013D /* SweetNotificationsUITestHost.app */;
			productType = "com.apple.product-type.application";
		};
		9FBE0F541E095EB600604C8F /* SweetNotifications */ = {
			isa = PBXNativeTarget;
			buildConfigurationList = 9FBE0F691E095EB600604C8F /* Build configuration list for PBXNativeTarget "SweetNotifications" */;
			buildPhases = (
				9FBE0F501E095EB600604C8F /* Sources */,
				9FBE0F511E095EB600604C8F /* Frameworks */,
				9FBE0F521E095EB600604C8F /* Headers */,
				9FBE0F531E095EB600604C8F /* Resources */,
			);
			buildRules = (
			);
			dependencies = (
			);
			name = SweetNotifications;
			productName = SerializableNotification;
			productReference = 9FBE0F551E095EB600604C8F /* SweetNotifications.framework */;
			productType = "com.apple.product-type.framework";
		};
		9FBE0F5D1E095EB600604C8F /* SweetNotificationsTests */ = {
			isa = PBXNativeTarget;
			buildConfigurationList = 9FBE0F6C1E095EB600604C8F /* Build configuration list for PBXNativeTarget "SweetNotificationsTests" */;
			buildPhases = (
				9FBE0F5A1E095EB600604C8F /* Sources */,
				9FBE0F5B1E095EB600604C8F /* Frameworks */,
				9FBE0F5C1E095EB600604C8F /* Resources */,
			);
			buildRules = (
			);
			dependencies = (
				9FBE0F611E095EB600604C8F /* PBXTargetDependency */,
			);
			name = SweetNotificationsTests;
			productName = SerializableNotificationTests;
			productReference = 9FBE0F5E1E095EB600604C8F /* SweetNotificationsTests.xctest */;
			productType = "com.apple.product-type.bundle.unit-test";
		};
/* End PBXNativeTarget section */

/* Begin PBXProject section */
		9FBE0F4C1E095EB600604C8F /* Project object */ = {
			isa = PBXProject;
			attributes = {
				LastSwiftUpdateCheck = 0820;
				LastUpgradeCheck = 0810;
				ORGANIZATIONNAME = Allen;
				TargetAttributes = {
					9F19FFD31E5F953D0046013D = {
						CreatedOnToolsVersion = 8.2.1;
						ProvisioningStyle = Automatic;
						TestTargetID = 9F19FFDF1E5F955F0046013D;
					};
					9F19FFDF1E5F955F0046013D = {
						CreatedOnToolsVersion = 8.2.1;
						ProvisioningStyle = Automatic;
					};
					9FBE0F541E095EB600604C8F = {
						CreatedOnToolsVersion = 8.1;
						LastSwiftMigration = 0810;
						ProvisioningStyle = Manual;
					};
					9FBE0F5D1E095EB600604C8F = {
						CreatedOnToolsVersion = 8.1;
						ProvisioningStyle = Manual;
					};
				};
			};
			buildConfigurationList = 9FBE0F4F1E095EB600604C8F /* Build configuration list for PBXProject "SweetNotifications" */;
			compatibilityVersion = "Xcode 3.2";
			developmentRegion = English;
			hasScannedForEncodings = 0;
			knownRegions = (
				en,
				Base,
			);
			mainGroup = 9FBE0F4B1E095EB600604C8F;
			productRefGroup = 9FBE0F561E095EB600604C8F /* Products */;
			projectDirPath = "";
			projectRoot = "";
			targets = (
				9FBE0F541E095EB600604C8F /* SweetNotifications */,
				9FBE0F5D1E095EB600604C8F /* SweetNotificationsTests */,
				9F19FFD31E5F953D0046013D /* SweetNotificationsUITests */,
				9F19FFDF1E5F955F0046013D /* SweetNotificationsUITestHost */,
			);
		};
/* End PBXProject section */

/* Begin PBXResourcesBuildPhase section */
		9F19FFD21E5F953D0046013D /* Resources */ = {
			isa = PBXResourcesBuildPhase;
			buildActionMask = 2147483647;
			files = (
			);
			runOnlyForDeploymentPostprocessing = 0;
		};
		9F19FFDE1E5F955F0046013D /* Resources */ = {
			isa = PBXResourcesBuildPhase;
			buildActionMask = 2147483647;
			files = (
				9F19FFED1E5F955F0046013D /* LaunchScreen.storyboard in Resources */,
				9F19FFEA1E5F955F0046013D /* Assets.xcassets in Resources */,
				9F19FFE81E5F955F0046013D /* Main.storyboard in Resources */,
			);
			runOnlyForDeploymentPostprocessing = 0;
		};
		9FBE0F531E095EB600604C8F /* Resources */ = {
			isa = PBXResourcesBuildPhase;
			buildActionMask = 2147483647;
			files = (
			);
			runOnlyForDeploymentPostprocessing = 0;
		};
		9FBE0F5C1E095EB600604C8F /* Resources */ = {
			isa = PBXResourcesBuildPhase;
			buildActionMask = 2147483647;
			files = (
			);
			runOnlyForDeploymentPostprocessing = 0;
		};
/* End PBXResourcesBuildPhase section */

/* Begin PBXSourcesBuildPhase section */
		9F19FFD01E5F953D0046013D /* Sources */ = {
			isa = PBXSourcesBuildPhase;
			buildActionMask = 2147483647;
			files = (
				9F19FFFA1E5F95BE0046013D /* UIKeyboardNotificationTests.swift in Sources */,
			);
			runOnlyForDeploymentPostprocessing = 0;
		};
		9F19FFDC1E5F955F0046013D /* Sources */ = {
			isa = PBXSourcesBuildPhase;
			buildActionMask = 2147483647;
			files = (
				9F19FFE51E5F955F0046013D /* ViewController.swift in Sources */,
				9F19FFE31E5F955F0046013D /* AppDelegate.swift in Sources */,
				9F2F6A901EB60BA60002616F /* EntryViewController.swift in Sources */,
			);
			runOnlyForDeploymentPostprocessing = 0;
		};
		9FBE0F501E095EB600604C8F /* Sources */ = {
			isa = PBXSourcesBuildPhase;
			buildActionMask = 2147483647;
			files = (
				9F7AA9C51E0CF76100F01F62 /* NotificationCenter+Serialization.swift in Sources */,
				9FB65EAA1F53E48100A64B3B /* SweetNotification.swift in Sources */,
				9F7AA9C61E0CF76100F01F62 /* SerializableNotification.swift in Sources */,
				9F60269E1F164C5000520B3A /* GlobalSerializationErrorHandler.swift in Sources */,
				9F039E431E5C6FB400250555 /* NamedNotification.swift in Sources */,
				9FB65EAC1F53E4E800A64B3B /* ObserverContainer.swift in Sources */,
				9F039E441E5C6FB400250555 /* NotificationSerializationError.swift in Sources */,
				9F039E421E5C6FB400250555 /* DeserializableNotification.swift in Sources */,
				9F2F6A8E1EB602C80002616F /* UIKeyboardNotifications.swift in Sources */,
			);
			runOnlyForDeploymentPostprocessing = 0;
		};
		9FBE0F5A1E095EB600604C8F /* Sources */ = {
			isa = PBXSourcesBuildPhase;
			buildActionMask = 2147483647;
			files = (
				9F7AA9CC1E0D08B200F01F62 /* SweetNotificationsTests.swift in Sources */,
				9F20F2991F53E594000C402D /* ObserverContainerTests.swift in Sources */,
			);
			runOnlyForDeploymentPostprocessing = 0;
		};
/* End PBXSourcesBuildPhase section */

/* Begin PBXTargetDependency section */
		9F19FFF31E5F95640046013D /* PBXTargetDependency */ = {
			isa = PBXTargetDependency;
			target = 9F19FFDF1E5F955F0046013D /* SweetNotificationsUITestHost */;
			targetProxy = 9F19FFF21E5F95640046013D /* PBXContainerItemProxy */;
		};
		9F19FFF71E5F956E0046013D /* PBXTargetDependency */ = {
			isa = PBXTargetDependency;
			target = 9FBE0F541E095EB600604C8F /* SweetNotifications */;
			targetProxy = 9F19FFF61E5F956E0046013D /* PBXContainerItemProxy */;
		};
		9FBE0F611E095EB600604C8F /* PBXTargetDependency */ = {
			isa = PBXTargetDependency;
			target = 9FBE0F541E095EB600604C8F /* SweetNotifications */;
			targetProxy = 9FBE0F601E095EB600604C8F /* PBXContainerItemProxy */;
		};
/* End PBXTargetDependency section */

/* Begin PBXVariantGroup section */
		9F19FFE61E5F955F0046013D /* Main.storyboard */ = {
			isa = PBXVariantGroup;
			children = (
				9F19FFE71E5F955F0046013D /* Base */,
			);
			name = Main.storyboard;
			sourceTree = "<group>";
		};
		9F19FFEB1E5F955F0046013D /* LaunchScreen.storyboard */ = {
			isa = PBXVariantGroup;
			children = (
				9F19FFEC1E5F955F0046013D /* Base */,
			);
			name = LaunchScreen.storyboard;
			sourceTree = "<group>";
		};
/* End PBXVariantGroup section */

/* Begin XCBuildConfiguration section */
		9F19FFDA1E5F953D0046013D /* Debug */ = {
			isa = XCBuildConfiguration;
			buildSettings = {
				CLANG_WARN_SUSPICIOUS_MOVE = YES;
				INFOPLIST_FILE = SweetNotificationsUITests/Info.plist;
				IPHONEOS_DEPLOYMENT_TARGET = 10.2;
				LD_RUNPATH_SEARCH_PATHS = "$(inherited) @executable_path/Frameworks @loader_path/Frameworks";
				PRODUCT_BUNDLE_IDENTIFIER = allenzeng.SweetNotificationsUITests;
				PRODUCT_NAME = "$(TARGET_NAME)";
				SWIFT_VERSION = 3.0;
				TEST_TARGET_NAME = SweetNotificationsUITestHost;
			};
			name = Debug;
		};
		9F19FFDB1E5F953D0046013D /* Release */ = {
			isa = XCBuildConfiguration;
			buildSettings = {
				CLANG_WARN_SUSPICIOUS_MOVE = YES;
				INFOPLIST_FILE = SweetNotificationsUITests/Info.plist;
				IPHONEOS_DEPLOYMENT_TARGET = 10.2;
				LD_RUNPATH_SEARCH_PATHS = "$(inherited) @executable_path/Frameworks @loader_path/Frameworks";
				PRODUCT_BUNDLE_IDENTIFIER = allenzeng.SweetNotificationsUITests;
				PRODUCT_NAME = "$(TARGET_NAME)";
				SWIFT_VERSION = 3.0;
				TEST_TARGET_NAME = SweetNotificationsUITestHost;
			};
			name = Release;
		};
		9F19FFF01E5F955F0046013D /* Debug */ = {
			isa = XCBuildConfiguration;
			buildSettings = {
				ALWAYS_EMBED_SWIFT_STANDARD_LIBRARIES = YES;
				ASSETCATALOG_COMPILER_APPICON_NAME = AppIcon;
				CLANG_WARN_SUSPICIOUS_MOVE = YES;
				INFOPLIST_FILE = SweetNotificationsUITestHost/Info.plist;
				IPHONEOS_DEPLOYMENT_TARGET = 10.2;
				LD_RUNPATH_SEARCH_PATHS = "$(inherited) @executable_path/Frameworks";
				PRODUCT_BUNDLE_IDENTIFIER = allenzeng.SweetNotificationsUITestHost;
				PRODUCT_NAME = "$(TARGET_NAME)";
				SWIFT_VERSION = 3.0;
			};
			name = Debug;
		};
		9F19FFF11E5F955F0046013D /* Release */ = {
			isa = XCBuildConfiguration;
			buildSettings = {
				ALWAYS_EMBED_SWIFT_STANDARD_LIBRARIES = YES;
				ASSETCATALOG_COMPILER_APPICON_NAME = AppIcon;
				CLANG_WARN_SUSPICIOUS_MOVE = YES;
				INFOPLIST_FILE = SweetNotificationsUITestHost/Info.plist;
				IPHONEOS_DEPLOYMENT_TARGET = 10.2;
				LD_RUNPATH_SEARCH_PATHS = "$(inherited) @executable_path/Frameworks";
				PRODUCT_BUNDLE_IDENTIFIER = allenzeng.SweetNotificationsUITestHost;
				PRODUCT_NAME = "$(TARGET_NAME)";
				SWIFT_VERSION = 3.0;
			};
			name = Release;
		};
		9FBE0F671E095EB600604C8F /* Debug */ = {
			isa = XCBuildConfiguration;
			buildSettings = {
				ALWAYS_SEARCH_USER_PATHS = NO;
				CLANG_ANALYZER_NONNULL = YES;
				CLANG_CXX_LANGUAGE_STANDARD = "gnu++0x";
				CLANG_CXX_LIBRARY = "libc++";
				CLANG_ENABLE_MODULES = YES;
				CLANG_ENABLE_OBJC_ARC = YES;
				CLANG_WARN_BOOL_CONVERSION = YES;
				CLANG_WARN_CONSTANT_CONVERSION = YES;
				CLANG_WARN_DIRECT_OBJC_ISA_USAGE = YES_ERROR;
				CLANG_WARN_DOCUMENTATION_COMMENTS = YES;
				CLANG_WARN_EMPTY_BODY = YES;
				CLANG_WARN_ENUM_CONVERSION = YES;
				CLANG_WARN_INFINITE_RECURSION = YES;
				CLANG_WARN_INT_CONVERSION = YES;
				CLANG_WARN_OBJC_ROOT_CLASS = YES_ERROR;
				CLANG_WARN_SUSPICIOUS_MOVES = YES;
				CLANG_WARN_UNREACHABLE_CODE = YES;
				CLANG_WARN__DUPLICATE_METHOD_MATCH = YES;
				"CODE_SIGN_IDENTITY[sdk=iphoneos*]" = "iPhone Developer";
				COPY_PHASE_STRIP = NO;
				CURRENT_PROJECT_VERSION = 1;
				DEBUG_INFORMATION_FORMAT = dwarf;
				ENABLE_STRICT_OBJC_MSGSEND = YES;
				ENABLE_TESTABILITY = YES;
				GCC_C_LANGUAGE_STANDARD = gnu99;
				GCC_DYNAMIC_NO_PIC = NO;
				GCC_NO_COMMON_BLOCKS = YES;
				GCC_OPTIMIZATION_LEVEL = 0;
				GCC_PREPROCESSOR_DEFINITIONS = (
					"DEBUG=1",
					"$(inherited)",
				);
				GCC_WARN_64_TO_32_BIT_CONVERSION = YES;
				GCC_WARN_ABOUT_RETURN_TYPE = YES_ERROR;
				GCC_WARN_UNDECLARED_SELECTOR = YES;
				GCC_WARN_UNINITIALIZED_AUTOS = YES_AGGRESSIVE;
				GCC_WARN_UNUSED_FUNCTION = YES;
				GCC_WARN_UNUSED_VARIABLE = YES;
				IPHONEOS_DEPLOYMENT_TARGET = 10.1;
				MTL_ENABLE_DEBUG_INFO = YES;
				ONLY_ACTIVE_ARCH = YES;
				SDKROOT = iphoneos;
				SWIFT_ACTIVE_COMPILATION_CONDITIONS = DEBUG;
				SWIFT_OPTIMIZATION_LEVEL = "-Onone";
				TARGETED_DEVICE_FAMILY = "1,2";
				VERSIONING_SYSTEM = "apple-generic";
				VERSION_INFO_PREFIX = "";
			};
			name = Debug;
		};
		9FBE0F681E095EB600604C8F /* Release */ = {
			isa = XCBuildConfiguration;
			buildSettings = {
				ALWAYS_SEARCH_USER_PATHS = NO;
				CLANG_ANALYZER_NONNULL = YES;
				CLANG_CXX_LANGUAGE_STANDARD = "gnu++0x";
				CLANG_CXX_LIBRARY = "libc++";
				CLANG_ENABLE_MODULES = YES;
				CLANG_ENABLE_OBJC_ARC = YES;
				CLANG_WARN_BOOL_CONVERSION = YES;
				CLANG_WARN_CONSTANT_CONVERSION = YES;
				CLANG_WARN_DIRECT_OBJC_ISA_USAGE = YES_ERROR;
				CLANG_WARN_DOCUMENTATION_COMMENTS = YES;
				CLANG_WARN_EMPTY_BODY = YES;
				CLANG_WARN_ENUM_CONVERSION = YES;
				CLANG_WARN_INFINITE_RECURSION = YES;
				CLANG_WARN_INT_CONVERSION = YES;
				CLANG_WARN_OBJC_ROOT_CLASS = YES_ERROR;
				CLANG_WARN_SUSPICIOUS_MOVES = YES;
				CLANG_WARN_UNREACHABLE_CODE = YES;
				CLANG_WARN__DUPLICATE_METHOD_MATCH = YES;
				"CODE_SIGN_IDENTITY[sdk=iphoneos*]" = "iPhone Developer";
				COPY_PHASE_STRIP = NO;
				CURRENT_PROJECT_VERSION = 1;
				DEBUG_INFORMATION_FORMAT = "dwarf-with-dsym";
				ENABLE_NS_ASSERTIONS = NO;
				ENABLE_STRICT_OBJC_MSGSEND = YES;
				GCC_C_LANGUAGE_STANDARD = gnu99;
				GCC_NO_COMMON_BLOCKS = YES;
				GCC_WARN_64_TO_32_BIT_CONVERSION = YES;
				GCC_WARN_ABOUT_RETURN_TYPE = YES_ERROR;
				GCC_WARN_UNDECLARED_SELECTOR = YES;
				GCC_WARN_UNINITIALIZED_AUTOS = YES_AGGRESSIVE;
				GCC_WARN_UNUSED_FUNCTION = YES;
				GCC_WARN_UNUSED_VARIABLE = YES;
				IPHONEOS_DEPLOYMENT_TARGET = 10.1;
				MTL_ENABLE_DEBUG_INFO = NO;
				SDKROOT = iphoneos;
				SWIFT_OPTIMIZATION_LEVEL = "-Owholemodule";
				TARGETED_DEVICE_FAMILY = "1,2";
				VALIDATE_PRODUCT = YES;
				VERSIONING_SYSTEM = "apple-generic";
				VERSION_INFO_PREFIX = "";
			};
			name = Release;
		};
		9FBE0F6A1E095EB600604C8F /* Debug */ = {
			isa = XCBuildConfiguration;
			buildSettings = {
				CLANG_ENABLE_MODULES = YES;
				CODE_SIGN_IDENTITY = "";
				CURRENT_PROJECT_VERSION = 1;
				DEFINES_MODULE = YES;
				DYLIB_COMPATIBILITY_VERSION = 1;
				DYLIB_CURRENT_VERSION = 1;
				DYLIB_INSTALL_NAME_BASE = "@rpath";
				INFOPLIST_FILE = SweetNotifications/Info.plist;
				INSTALL_PATH = "$(LOCAL_LIBRARY_DIR)/Frameworks";
				LD_RUNPATH_SEARCH_PATHS = "$(inherited) @executable_path/Frameworks @loader_path/Frameworks";
				PRODUCT_BUNDLE_IDENTIFIER = allenzeng.SweetNotifications;
				PRODUCT_NAME = "$(TARGET_NAME)";
				SKIP_INSTALL = YES;
				SWIFT_OPTIMIZATION_LEVEL = "-Onone";
				SWIFT_VERSION = 3.0;
			};
			name = Debug;
		};
		9FBE0F6B1E095EB600604C8F /* Release */ = {
			isa = XCBuildConfiguration;
			buildSettings = {
				CLANG_ENABLE_MODULES = YES;
				CODE_SIGN_IDENTITY = "";
				CURRENT_PROJECT_VERSION = 1;
				DEFINES_MODULE = YES;
				DYLIB_COMPATIBILITY_VERSION = 1;
				DYLIB_CURRENT_VERSION = 1;
				DYLIB_INSTALL_NAME_BASE = "@rpath";
				INFOPLIST_FILE = SweetNotifications/Info.plist;
				INSTALL_PATH = "$(LOCAL_LIBRARY_DIR)/Frameworks";
				LD_RUNPATH_SEARCH_PATHS = "$(inherited) @executable_path/Frameworks @loader_path/Frameworks";
				PRODUCT_BUNDLE_IDENTIFIER = allenzeng.SweetNotifications;
				PRODUCT_NAME = "$(TARGET_NAME)";
				SKIP_INSTALL = YES;
				SWIFT_VERSION = 3.0;
			};
			name = Release;
		};
		9FBE0F6D1E095EB600604C8F /* Debug */ = {
			isa = XCBuildConfiguration;
			buildSettings = {
				ALWAYS_EMBED_SWIFT_STANDARD_LIBRARIES = YES;
				DEVELOPMENT_TEAM = "";
				INFOPLIST_FILE = SweetNotificationsTests/Info.plist;
				LD_RUNPATH_SEARCH_PATHS = "$(inherited) @executable_path/Frameworks @loader_path/Frameworks";
				PRODUCT_BUNDLE_IDENTIFIER = allenzeng.SweetNotificationsTests;
				PRODUCT_NAME = "$(TARGET_NAME)";
				SWIFT_VERSION = 3.0;
			};
			name = Debug;
		};
		9FBE0F6E1E095EB600604C8F /* Release */ = {
			isa = XCBuildConfiguration;
			buildSettings = {
				ALWAYS_EMBED_SWIFT_STANDARD_LIBRARIES = YES;
				DEVELOPMENT_TEAM = "";
				INFOPLIST_FILE = SweetNotificationsTests/Info.plist;
				LD_RUNPATH_SEARCH_PATHS = "$(inherited) @executable_path/Frameworks @loader_path/Frameworks";
				PRODUCT_BUNDLE_IDENTIFIER = allenzeng.SweetNotificationsTests;
				PRODUCT_NAME = "$(TARGET_NAME)";
				SWIFT_VERSION = 3.0;
			};
			name = Release;
		};
/* End XCBuildConfiguration section */

/* Begin XCConfigurationList section */
		9F19FFD91E5F953D0046013D /* Build configuration list for PBXNativeTarget "SweetNotificationsUITests" */ = {
			isa = XCConfigurationList;
			buildConfigurations = (
				9F19FFDA1E5F953D0046013D /* Debug */,
				9F19FFDB1E5F953D0046013D /* Release */,
			);
			defaultConfigurationIsVisible = 0;
			defaultConfigurationName = Release;
		};
		9F19FFEF1E5F955F0046013D /* Build configuration list for PBXNativeTarget "SweetNotificationsUITestHost" */ = {
			isa = XCConfigurationList;
			buildConfigurations = (
				9F19FFF01E5F955F0046013D /* Debug */,
				9F19FFF11E5F955F0046013D /* Release */,
			);
			defaultConfigurationIsVisible = 0;
			defaultConfigurationName = Release;
		};
		9FBE0F4F1E095EB600604C8F /* Build configuration list for PBXProject "SweetNotifications" */ = {
			isa = XCConfigurationList;
			buildConfigurations = (
				9FBE0F671E095EB600604C8F /* Debug */,
				9FBE0F681E095EB600604C8F /* Release */,
			);
			defaultConfigurationIsVisible = 0;
			defaultConfigurationName = Release;
		};
		9FBE0F691E095EB600604C8F /* Build configuration list for PBXNativeTarget "SweetNotifications" */ = {
			isa = XCConfigurationList;
			buildConfigurations = (
				9FBE0F6A1E095EB600604C8F /* Debug */,
				9FBE0F6B1E095EB600604C8F /* Release */,
			);
			defaultConfigurationIsVisible = 0;
			defaultConfigurationName = Release;
		};
		9FBE0F6C1E095EB600604C8F /* Build configuration list for PBXNativeTarget "SweetNotificationsTests" */ = {
			isa = XCConfigurationList;
			buildConfigurations = (
				9FBE0F6D1E095EB600604C8F /* Debug */,
				9FBE0F6E1E095EB600604C8F /* Release */,
			);
			defaultConfigurationIsVisible = 0;
			defaultConfigurationName = Release;
		};
/* End XCConfigurationList section */
	};
	rootObject = 9FBE0F4C1E095EB600604C8F /* Project object */;
}
